
Microsoft Visual Studio Solution File, Format Version 12.00
# Visual Studio Version 16
VisualStudioVersion = 25.0.1706.8
MinimumVisualStudioVersion = 10.0.40219.1
Project("{FAE04EC0-301F-11D3-BF4B-00C04F79EFBC}") = "Address Book", "Address Book.csproj", "{C51A4A38-0D9C-42E9-B5D5-9C6C1F0EF325}"
EndProject
Global
	GlobalSection(SolutionConfigurationPlatforms) = preSolution
		Debug|Any CPU = Debug|Any CPU
		Release|Any CPU = Release|Any CPU
	EndGlobalSection
	GlobalSection(ProjectConfigurationPlatforms) = postSolution
		{C51A4A38-0D9C-42E9-B5D5-9C6C1F0EF325}.Debug|Any CPU.ActiveCfg = Debug|Any CPU
		{C51A4A38-0D9C-42E9-B5D5-9C6C1F0EF325}.Debug|Any CPU.Build.0 = Debug|Any CPU
		{C51A4A38-0D9C-42E9-B5D5-9C6C1F0EF325}.Release|Any CPU.ActiveCfg = Release|Any CPU
		{C51A4A38-0D9C-42E9-B5D5-9C6C1F0EF325}.Release|Any CPU.Build.0 = Release|Any CPU
	EndGlobalSection
	GlobalSection(SolutionProperties) = preSolution
		HideSolutionNode = FALSE
	EndGlobalSection
	GlobalSection(ExtensibilityGlobals) = postSolution
		SolutionGuid = {1F59D1D4-9696-4671-88D3-C502602FB92D}
	EndGlobalSection
EndGlobal
